
Microsoft Visual Studio Solution File, Format Version 12.00
# Visual Studio Version 17
VisualStudioVersion = 17.6.33723.286
MinimumVisualStudioVersion = 10.0.40219.1
Project("{FAE04EC0-301F-11D3-BF4B-00C04F79EFBC}") = "EnumToStringUsingNameof", "EnumToStringUsingNameof\EnumToStringUsingNameof.csproj", "{7E61DB97-B1A6-4E1F-A8B1-3BF9930CDCE0}"
EndProject
Global
	GlobalSection(SolutionConfigurationPlatforms) = preSolution
		Debug|Any CPU = Debug|Any CPU
		Release|Any CPU = Release|Any CPU
	EndGlobalSection
	GlobalSection(ProjectConfigurationPlatforms) = postSolution
		{7E61DB97-B1A6-4E1F-A8B1-3BF9930CDCE0}.Debug|Any CPU.ActiveCfg = Debug|Any CPU
		{7E61DB97-B1A6-4E1F-A8B1-3BF9930CDCE0}.Debug|Any CPU.Build.0 = Debug|Any CPU
		{7E61DB97-B1A6-4E1F-A8B1-3BF9930CDCE0}.Release|Any CPU.ActiveCfg = Release|Any CPU
		{7E61DB97-B1A6-4E1F-A8B1-3BF9930CDCE0}.Release|Any CPU.Build.0 = Release|Any CPU
	EndGlobalSection
	GlobalSection(SolutionProperties) = preSolution
		HideSolutionNode = FALSE
	EndGlobalSection
	GlobalSection(ExtensibilityGlobals) = postSolution
		SolutionGuid = {5409DC00-34EF-4811-8B09-A559A465E55B}
	EndGlobalSection
EndGlobal
